{
    "version": 3,
    "terraform_version": "0.9.10",
    "serial": 28,
    "lineage": "c751e15a-eba9-44e0-bb36-4c5d04fa7586",
    "modules": [
        {
            "path": [
                "root"
            ],
            "outputs": {},
            "resources": {
                "aws_instance.dev": {
                    "type": "aws_instance",
                    "depends_on": [
                        "aws_key_pair.auth",
                        "aws_security_group.public",
                        "aws_subnet.mobiq_sn_public_a"
                    ],
                    "primary": {
                        "id": "i-0a6e3f3766061b12b",
                        "attributes": {
                            "ami": "ami-b73b63a0",
                            "associate_public_ip_address": "true",
                            "availability_zone": "us-east-1a",
                            "disable_api_termination": "false",
                            "ebs_block_device.#": "0",
                            "ebs_optimized": "false",
                            "ephemeral_block_device.#": "0",
                            "iam_instance_profile": "",
                            "id": "i-0a6e3f3766061b12b",
                            "instance_state": "running",
                            "instance_type": "t2.micro",
                            "ipv6_addresses.#": "0",
                            "key_name": "kryptonite",
                            "monitoring": "false",
                            "network_interface.#": "0",
                            "network_interface_id": "eni-aeb3e901",
                            "primary_network_interface_id": "eni-aeb3e901",
                            "private_dns": "ip-10-0-1-92.ec2.internal",
                            "private_ip": "10.0.1.92",
                            "public_dns": "",
                            "public_ip": "54.158.98.213",
                            "root_block_device.#": "1",
                            "root_block_device.0.delete_on_termination": "true",
                            "root_block_device.0.iops": "100",
                            "root_block_device.0.volume_size": "8",
                            "root_block_device.0.volume_type": "gp2",
                            "security_groups.#": "0",
                            "source_dest_check": "true",
                            "subnet_id": "subnet-8437a8a8",
                            "tags.%": "1",
                            "tags.Name": "wordpress-instance",
                            "tenancy": "default",
                            "volume_tags.%": "0",
                            "vpc_security_group_ids.#": "1",
                            "vpc_security_group_ids.1534462958": "sg-4683d937"
                        },
                        "meta": {
                            "e2bfb730-ecaa-11e6-8f88-34363bc7c4c0": {
                                "create": 600000000000,
                                "delete": 600000000000,
                                "update": 600000000000
                            },
                            "schema_version": "1"
                        },
                        "tainted": true
                    },
                    "deposed": [],
                    "provider": ""
                },
                "aws_internet_gateway.mobiq_igw": {
                    "type": "aws_internet_gateway",
                    "depends_on": [
                        "aws_vpc.mobiq_vpc"
                    ],
                    "primary": {
                        "id": "igw-8ae6b2ec",
                        "attributes": {
                            "id": "igw-8ae6b2ec",
                            "tags.%": "1",
                            "tags.Name": "mobiq_igw",
                            "vpc_id": "vpc-ba6c0dc3"
                        },
                        "meta": {},
                        "tainted": false
                    },
                    "deposed": [],
                    "provider": ""
                },
                "aws_key_pair.auth": {
                    "type": "aws_key_pair",
                    "depends_on": [],
                    "primary": {
                        "id": "kryptonite",
                        "attributes": {
                            "id": "kryptonite",
                            "key_name": "kryptonite",
                            "public_key": "ssh-rsa AAAAB3NzaC1yc2EAAAADAQABAAABAQDJ146hYi28yaUxXpq0e2QuWEUnWzVXXN3uk0o2olRMNcGrNawW7hXvH6+Yyvhql3L2WuCsFUYxUSDW0NdH8oIw74xhLxmeIv+p7nssbKn3Y17/sqKw0U3plwEH5MnXgTYCkVo0vhhT/a3k9WBBE9LXMXdO6vSDH/oLeDxbV6zIN7ma7gWpKZODoKfH6xCN5in+jrwsetA83Kq8mjezq7gJV6Rj5o8mDGKdsgspvBqKnYI22GL1FI0EtrUjy1GJBo8Do5N93BNDRku33CX5hfQ9e6Nci6voPEAhLtEX5QIfXk0VhP+LMxF/XRJR66U5DY8C0U55t0AZbn+AV27nhwMT root@sagarraje3.mylabserver.com"
                        },
                        "meta": {
                            "schema_version": "1"
                        },
                        "tainted": false
                    },
                    "deposed": [],
                    "provider": ""
                },
                "aws_route_table.mobiq_rt_private": {
                    "type": "aws_route_table",
                    "depends_on": [
                        "aws_vpc.mobiq_vpc"
                    ],
                    "primary": {
                        "id": "rtb-88a89ef0",
                        "attributes": {
                            "id": "rtb-88a89ef0",
                            "propagating_vgws.#": "0",
                            "route.#": "0",
                            "tags.%": "1",
                            "tags.Name": "mobiq_rt_private",
                            "vpc_id": "vpc-ba6c0dc3"
                        },
                        "meta": {},
                        "tainted": false
                    },
                    "deposed": [],
                    "provider": ""
                },
                "aws_route_table.mobiq_rt_public": {
                    "type": "aws_route_table",
                    "depends_on": [
                        "aws_internet_gateway.mobiq_igw",
                        "aws_vpc.mobiq_vpc"
                    ],
                    "primary": {
                        "id": "rtb-489caa30",
                        "attributes": {
                            "id": "rtb-489caa30",
                            "propagating_vgws.#": "0",
                            "route.#": "1",
                            "route.1448420202.cidr_block": "0.0.0.0/0",
                            "route.1448420202.egress_only_gateway_id": "",
                            "route.1448420202.gateway_id": "igw-8ae6b2ec",
                            "route.1448420202.instance_id": "",
                            "route.1448420202.ipv6_cidr_block": "",
                            "route.1448420202.nat_gateway_id": "",
                            "route.1448420202.network_interface_id": "",
                            "route.1448420202.vpc_peering_connection_id": "",
                            "tags.%": "1",
                            "tags.Name": "mobiq_rt_public",
                            "vpc_id": "vpc-ba6c0dc3"
                        },
                        "meta": {},
                        "tainted": false
                    },
                    "deposed": [],
                    "provider": ""
                },
                "aws_route_table_association.rt_sn_private_a": {
                    "type": "aws_route_table_association",
                    "depends_on": [
                        "aws_route_table.mobiq_rt_private",
                        "aws_subnet.mobiq_sn_private_a"
                    ],
                    "primary": {
                        "id": "rtbassoc-2caf4256",
                        "attributes": {
                            "id": "rtbassoc-2caf4256",
                            "route_table_id": "rtb-88a89ef0",
                            "subnet_id": "subnet-ae31ae82"
                        },
                        "meta": {},
                        "tainted": false
                    },
                    "deposed": [],
                    "provider": ""
                },
                "aws_route_table_association.rt_sn_private_b": {
                    "type": "aws_route_table_association",
                    "depends_on": [
                        "aws_route_table.mobiq_rt_private",
                        "aws_subnet.mobiq_sn_private_b"
                    ],
                    "primary": {
                        "id": "rtbassoc-5155b72b",
                        "attributes": {
                            "id": "rtbassoc-5155b72b",
                            "route_table_id": "rtb-88a89ef0",
                            "subnet_id": "subnet-264e1f6e"
                        },
                        "meta": {},
                        "tainted": false
                    },
                    "deposed": [],
                    "provider": ""
                },
                "aws_route_table_association.rt_sn_public_a": {
                    "type": "aws_route_table_association",
                    "depends_on": [
                        "aws_route_table.mobiq_rt_public",
                        "aws_subnet.mobiq_sn_public_a"
                    ],
                    "primary": {
                        "id": "rtbassoc-e458ba9e",
                        "attributes": {
                            "id": "rtbassoc-e458ba9e",
                            "route_table_id": "rtb-489caa30",
                            "subnet_id": "subnet-8437a8a8"
                        },
                        "meta": {},
                        "tainted": false
                    },
                    "deposed": [],
                    "provider": ""
                },
                "aws_route_table_association.rt_sn_public_b": {
                    "type": "aws_route_table_association",
                    "depends_on": [
                        "aws_route_table.mobiq_rt_public",
                        "aws_subnet.mobiq_sn_public_b"
                    ],
                    "primary": {
                        "id": "rtbassoc-bca845c6",
                        "attributes": {
                            "id": "rtbassoc-bca845c6",
                            "route_table_id": "rtb-489caa30",
                            "subnet_id": "subnet-4475240c"
                        },
                        "meta": {},
                        "tainted": false
                    },
                    "deposed": [],
                    "provider": ""
                },
                "aws_security_group.public": {
                    "type": "aws_security_group",
                    "depends_on": [
                        "aws_vpc.mobiq_vpc"
                    ],
                    "primary": {
                        "id": "sg-4683d937",
                        "attributes": {
                            "description": "Used for public and private instances for load balancer access",
                            "egress.#": "1",
                            "egress.482069346.cidr_blocks.#": "1",
                            "egress.482069346.cidr_blocks.0": "0.0.0.0/0",
                            "egress.482069346.from_port": "0",
                            "egress.482069346.ipv6_cidr_blocks.#": "0",
                            "egress.482069346.prefix_list_ids.#": "0",
                            "egress.482069346.protocol": "-1",
                            "egress.482069346.security_groups.#": "0",
                            "egress.482069346.self": "false",
                            "egress.482069346.to_port": "0",
                            "id": "sg-4683d937",
                            "ingress.#": "2",
                            "ingress.2214680975.cidr_blocks.#": "1",
                            "ingress.2214680975.cidr_blocks.0": "0.0.0.0/0",
                            "ingress.2214680975.from_port": "80",
                            "ingress.2214680975.ipv6_cidr_blocks.#": "0",
                            "ingress.2214680975.protocol": "tcp",
                            "ingress.2214680975.security_groups.#": "0",
                            "ingress.2214680975.self": "false",
                            "ingress.2214680975.to_port": "80",
                            "ingress.2541437006.cidr_blocks.#": "1",
                            "ingress.2541437006.cidr_blocks.0": "0.0.0.0/0",
                            "ingress.2541437006.from_port": "22",
                            "ingress.2541437006.ipv6_cidr_blocks.#": "0",
                            "ingress.2541437006.protocol": "tcp",
                            "ingress.2541437006.security_groups.#": "0",
                            "ingress.2541437006.self": "false",
                            "ingress.2541437006.to_port": "22",
                            "name": "sg_public",
                            "owner_id": "863423526066",
                            "tags.%": "0",
                            "vpc_id": "vpc-ba6c0dc3"
                        },
                        "meta": {},
                        "tainted": false
                    },
                    "deposed": [],
                    "provider": ""
                },
                "aws_subnet.mobiq_sn_private_a": {
                    "type": "aws_subnet",
                    "depends_on": [
                        "aws_vpc.mobiq_vpc",
                        "data.aws_availability_zones.available"
                    ],
                    "primary": {
                        "id": "subnet-ae31ae82",
                        "attributes": {
                            "assign_ipv6_address_on_creation": "false",
                            "availability_zone": "us-east-1a",
                            "cidr_block": "10.0.3.0/24",
                            "id": "subnet-ae31ae82",
                            "map_public_ip_on_launch": "false",
                            "tags.%": "1",
                            "tags.Name": "mobiq_sn_private_a",
                            "vpc_id": "vpc-ba6c0dc3"
                        },
                        "meta": {
                            "schema_version": "1"
                        },
                        "tainted": false
                    },
                    "deposed": [],
                    "provider": ""
                },
                "aws_subnet.mobiq_sn_private_b": {
                    "type": "aws_subnet",
                    "depends_on": [
                        "aws_vpc.mobiq_vpc",
                        "data.aws_availability_zones.available"
                    ],
                    "primary": {
                        "id": "subnet-264e1f6e",
                        "attributes": {
                            "assign_ipv6_address_on_creation": "false",
                            "availability_zone": "us-east-1b",
                            "cidr_block": "10.0.4.0/24",
                            "id": "subnet-264e1f6e",
                            "map_public_ip_on_launch": "false",
                            "tags.%": "1",
                            "tags.Name": "mobiq_sn_private_b",
                            "vpc_id": "vpc-ba6c0dc3"
                        },
                        "meta": {
                            "schema_version": "1"
                        },
                        "tainted": false
                    },
                    "deposed": [],
                    "provider": ""
                },
                "aws_subnet.mobiq_sn_public_a": {
                    "type": "aws_subnet",
                    "depends_on": [
                        "aws_vpc.mobiq_vpc",
                        "data.aws_availability_zones.available"
                    ],
                    "primary": {
                        "id": "subnet-8437a8a8",
                        "attributes": {
                            "assign_ipv6_address_on_creation": "false",
                            "availability_zone": "us-east-1a",
                            "cidr_block": "10.0.1.0/24",
                            "id": "subnet-8437a8a8",
                            "map_public_ip_on_launch": "true",
                            "tags.%": "1",
                            "tags.Name": "mobiq_sn_public_a",
                            "vpc_id": "vpc-ba6c0dc3"
                        },
                        "meta": {
                            "schema_version": "1"
                        },
                        "tainted": false
                    },
                    "deposed": [],
                    "provider": ""
                },
                "aws_subnet.mobiq_sn_public_b": {
                    "type": "aws_subnet",
                    "depends_on": [
                        "aws_vpc.mobiq_vpc",
                        "data.aws_availability_zones.available"
                    ],
                    "primary": {
                        "id": "subnet-4475240c",
                        "attributes": {
                            "assign_ipv6_address_on_creation": "false",
                            "availability_zone": "us-east-1b",
                            "cidr_block": "10.0.2.0/24",
                            "id": "subnet-4475240c",
                            "map_public_ip_on_launch": "true",
                            "tags.%": "1",
                            "tags.Name": "mobiq_sn_public_b",
                            "vpc_id": "vpc-ba6c0dc3"
                        },
                        "meta": {
                            "schema_version": "1"
                        },
                        "tainted": false
                    },
                    "deposed": [],
                    "provider": ""
                },
                "aws_subnet.mobiq_sn_rds1": {
                    "type": "aws_subnet",
                    "depends_on": [
                        "aws_vpc.mobiq_vpc",
                        "data.aws_availability_zones.available"
                    ],
                    "primary": {
                        "id": "subnet-3c6c8e58",
                        "attributes": {
                            "assign_ipv6_address_on_creation": "false",
                            "availability_zone": "us-east-1d",
                            "cidr_block": "10.0.5.0/24",
                            "id": "subnet-3c6c8e58",
                            "map_public_ip_on_launch": "false",
                            "tags.%": "1",
                            "tags.Name": "mobiq_sn_rds1",
                            "vpc_id": "vpc-ba6c0dc3"
                        },
                        "meta": {
                            "schema_version": "1"
                        },
                        "tainted": false
                    },
                    "deposed": [],
                    "provider": ""
                },
                "aws_vpc.mobiq_vpc": {
                    "type": "aws_vpc",
                    "depends_on": [],
                    "primary": {
                        "id": "vpc-ba6c0dc3",
                        "attributes": {
                            "assign_generated_ipv6_cidr_block": "false",
                            "cidr_block": "10.0.0.0/16",
                            "default_network_acl_id": "acl-789d9601",
                            "default_route_table_id": "rtb-8e9badf6",
                            "default_security_group_id": "sg-0582d874",
                            "dhcp_options_id": "dopt-c9d2a8af",
                            "enable_classiclink": "false",
                            "enable_dns_hostnames": "false",
                            "enable_dns_support": "true",
                            "id": "vpc-ba6c0dc3",
                            "instance_tenancy": "default",
                            "main_route_table_id": "rtb-8e9badf6",
                            "tags.%": "1",
                            "tags.Name": "mobiq_vpc"
                        },
                        "meta": {
                            "schema_version": "1"
                        },
                        "tainted": false
                    },
                    "deposed": [],
                    "provider": ""
                },
                "data.aws_availability_zones.available": {
                    "type": "aws_availability_zones",
                    "depends_on": [],
                    "primary": {
                        "id": "2017-07-20 23:11:23.32829193 +0000 UTC",
                        "attributes": {
                            "id": "2017-07-20 23:11:23.32829193 +0000 UTC",
                            "names.#": "6",
                            "names.0": "us-east-1a",
                            "names.1": "us-east-1b",
                            "names.2": "us-east-1c",
                            "names.3": "us-east-1d",
                            "names.4": "us-east-1e",
                            "names.5": "us-east-1f"
                        },
                        "meta": {},
                        "tainted": false
                    },
                    "deposed": [],
                    "provider": ""
                }
            },
            "depends_on": []
        }
    ]
}
